{
  "nodes": {
    "musnix": {
      "inputs": {
        "nixpkgs": "nixpkgs"
      },
      "locked": {
        "lastModified": 1702456985,
        "narHash": "sha256-mnjCk8mINY4t5uIwP2eR19FOQXHTCO68+KsgKFTv1NI=",
        "owner": "musnix",
        "repo": "musnix",
        "rev": "cf93a72da8ad677864045e9a5dd32170378d9a62",
        "type": "github"
      },
      "original": {
        "owner": "musnix",
        "repo": "musnix",
        "type": "github"
      }
    },
    "nixpkgs": {
      "locked": {
        "lastModified": 1690272529,
        "narHash": "sha256-MakzcKXEdv/I4qJUtq/k/eG+rVmyOZLnYNC2w1mB59Y=",
        "owner": "NixOS",
        "repo": "nixpkgs",
        "rev": "ef99fa5c5ed624460217c31ac4271cfb5cb2502c",
        "type": "github"
      },
      "original": {
        "owner": "NixOS",
        "ref": "nixos-unstable",
        "repo": "nixpkgs",
        "type": "github"
      }
    },
    "nixpkgs_2": {
      "locked": {
        "lastModified": 1710951922,
        "narHash": "sha256-FOOBJ3DQenLpTNdxMHR2CpGZmYuctb92gF0lpiirZ30=",
        "owner": "NixOS",
        "repo": "nixpkgs",
        "rev": "f091af045dff8347d66d186a62d42aceff159456",
        "type": "github"
      },
      "original": {
        "owner": "NixOS",
        "ref": "nixos-23.11",
        "repo": "nixpkgs",
        "type": "github"
      }
    },
    "root": {
      "inputs": {
        "musnix": "musnix",
        "nixpkgs": "nixpkgs_2"
      }
    }
  },
  "root": "root",
  "version": 7
}
